// !$*UTF8*$!
{
	archiveVersion = 1;
	classes = {
	};
	objectVersion = 51;
	objects = {

/* Begin PBXBuildFile section */
		08739D0CEC9B888249C9E80B /* Pods_BookStoreTests.framework in Frameworks */ = {isa = PBXBuildFile; fileRef = 528DF90E4D8C5FDEB7111404 /* Pods_BookStoreTests.framework */; };
		1BE8F1C7C4151B007229FB82 /* Pods_BookStore_BookStoreUITests.framework in Frameworks */ = {isa = PBXBuildFile; fileRef = 4DF6758DF40972A311B0D029 /* Pods_BookStore_BookStoreUITests.framework */; };
		4858D8890548B692A43E16EB /* Pods_BookStore.framework in Frameworks */ = {isa = PBXBuildFile; fileRef = 5BB96820F94204447E5E2703 /* Pods_BookStore.framework */; };
		BD337B4E26F02B9B00AC524A /* AppDelegate.swift in Sources */ = {isa = PBXBuildFile; fileRef = BD337B4D26F02B9B00AC524A /* AppDelegate.swift */; };
		BD337B5026F02B9B00AC524A /* SceneDelegate.swift in Sources */ = {isa = PBXBuildFile; fileRef = BD337B4F26F02B9B00AC524A /* SceneDelegate.swift */; };
		BD337B5526F02B9B00AC524A /* Main.storyboard in Resources */ = {isa = PBXBuildFile; fileRef = BD337B5326F02B9B00AC524A /* Main.storyboard */; };
		BD337B5826F02B9B00AC524A /* BookStore.xcdatamodeld in Sources */ = {isa = PBXBuildFile; fileRef = BD337B5626F02B9B00AC524A /* BookStore.xcdatamodeld */; };
		BD337B5A26F02B9C00AC524A /* Assets.xcassets in Resources */ = {isa = PBXBuildFile; fileRef = BD337B5926F02B9C00AC524A /* Assets.xcassets */; };
		BD337B5D26F02B9C00AC524A /* LaunchScreen.storyboard in Resources */ = {isa = PBXBuildFile; fileRef = BD337B5B26F02B9C00AC524A /* LaunchScreen.storyboard */; };
		BD337B6826F02B9C00AC524A /* BookStoreTests.swift in Sources */ = {isa = PBXBuildFile; fileRef = BD337B6726F02B9C00AC524A /* BookStoreTests.swift */; };
		BD337B7326F02B9C00AC524A /* BookStoreUITests.swift in Sources */ = {isa = PBXBuildFile; fileRef = BD337B7226F02B9C00AC524A /* BookStoreUITests.swift */; };
		BD337B8126F02DD700AC524A /* MainViewController.swift in Sources */ = {isa = PBXBuildFile; fileRef = BD337B8026F02DD700AC524A /* MainViewController.swift */; };
		BD337B8326F02F3E00AC524A /* BookListViewController.swift in Sources */ = {isa = PBXBuildFile; fileRef = BD337B8226F02F3E00AC524A /* BookListViewController.swift */; };
		BD337B8626F035C800AC524A /* RestApiCalls.swift in Sources */ = {isa = PBXBuildFile; fileRef = BD337B8526F035C800AC524A /* RestApiCalls.swift */; };
		BD337B8926F0368500AC524A /* ConnectionCheck.swift in Sources */ = {isa = PBXBuildFile; fileRef = BD337B8826F0368500AC524A /* ConnectionCheck.swift */; };
		BD337B8B26F036DB00AC524A /* AlertController.swift in Sources */ = {isa = PBXBuildFile; fileRef = BD337B8A26F036DB00AC524A /* AlertController.swift */; };
		BD337B8D26F0370E00AC524A /* AlertErrorGral.swift in Sources */ = {isa = PBXBuildFile; fileRef = BD337B8C26F0370E00AC524A /* AlertErrorGral.swift */; };
		BD337B9026F0388C00AC524A /* Response.swift in Sources */ = {isa = PBXBuildFile; fileRef = BD337B8F26F0388C00AC524A /* Response.swift */; };
		BD337B9226F038CA00AC524A /* Constants.swift in Sources */ = {isa = PBXBuildFile; fileRef = BD337B9126F038CA00AC524A /* Constants.swift */; };
		BD337B9B26F03C8E00AC524A /* BookViewModel.swift in Sources */ = {isa = PBXBuildFile; fileRef = BD337B9A26F03C8E00AC524A /* BookViewModel.swift */; };
		BD337B9D26F041C800AC524A /* book.xib in Resources */ = {isa = PBXBuildFile; fileRef = BD337B9C26F041C800AC524A /* book.xib */; };
		BD337B9F26F0434200AC524A /* CellsTableViewCell.swift in Sources */ = {isa = PBXBuildFile; fileRef = BD337B9E26F0434200AC524A /* CellsTableViewCell.swift */; };
/* End PBXBuildFile section */

/* Begin PBXContainerItemProxy section */
		BD337B6426F02B9C00AC524A /* PBXContainerItemProxy */ = {
			isa = PBXContainerItemProxy;
			containerPortal = BD337B4226F02B9B00AC524A /* Project object */;
			proxyType = 1;
			remoteGlobalIDString = BD337B4926F02B9B00AC524A;
			remoteInfo = BookStore;
		};
		BD337B6F26F02B9C00AC524A /* PBXContainerItemProxy */ = {
			isa = PBXContainerItemProxy;
			containerPortal = BD337B4226F02B9B00AC524A /* Project object */;
			proxyType = 1;
			remoteGlobalIDString = BD337B4926F02B9B00AC524A;
			remoteInfo = BookStore;
		};
/* End PBXContainerItemProxy section */

/* Begin PBXFileReference section */
		046DAF4FE7C8F9D5F6F615BA /* Pods-BookStore-BookStoreUITests.release.xcconfig */ = {isa = PBXFileReference; includeInIndex = 1; lastKnownFileType = text.xcconfig; name = "Pods-BookStore-BookStoreUITests.release.xcconfig"; path = "Target Support Files/Pods-BookStore-BookStoreUITests/Pods-BookStore-BookStoreUITests.release.xcconfig"; sourceTree = "<group>"; };
		4DF6758DF40972A311B0D029 /* Pods_BookStore_BookStoreUITests.framework */ = {isa = PBXFileReference; explicitFileType = wrapper.framework; includeInIndex = 0; path = Pods_BookStore_BookStoreUITests.framework; sourceTree = BUILT_PRODUCTS_DIR; };
		528DF90E4D8C5FDEB7111404 /* Pods_BookStoreTests.framework */ = {isa = PBXFileReference; explicitFileType = wrapper.framework; includeInIndex = 0; path = Pods_BookStoreTests.framework; sourceTree = BUILT_PRODUCTS_DIR; };
		5BB96820F94204447E5E2703 /* Pods_BookStore.framework */ = {isa = PBXFileReference; explicitFileType = wrapper.framework; includeInIndex = 0; path = Pods_BookStore.framework; sourceTree = BUILT_PRODUCTS_DIR; };
		6107F0A2B7476F78C7BB4B6D /* Pods-BookStore.release.xcconfig */ = {isa = PBXFileReference; includeInIndex = 1; lastKnownFileType = text.xcconfig; name = "Pods-BookStore.release.xcconfig"; path = "Target Support Files/Pods-BookStore/Pods-BookStore.release.xcconfig"; sourceTree = "<group>"; };
		968D409DA88B2288F8C4143D /* Pods-BookStoreTests.debug.xcconfig */ = {isa = PBXFileReference; includeInIndex = 1; lastKnownFileType = text.xcconfig; name = "Pods-BookStoreTests.debug.xcconfig"; path = "Target Support Files/Pods-BookStoreTests/Pods-BookStoreTests.debug.xcconfig"; sourceTree = "<group>"; };
		A6EF99C2AAE0BA593A2BF0EF /* Pods-BookStoreTests.release.xcconfig */ = {isa = PBXFileReference; includeInIndex = 1; lastKnownFileType = text.xcconfig; name = "Pods-BookStoreTests.release.xcconfig"; path = "Target Support Files/Pods-BookStoreTests/Pods-BookStoreTests.release.xcconfig"; sourceTree = "<group>"; };
		BD337B4A26F02B9B00AC524A /* BookStore.app */ = {isa = PBXFileReference; explicitFileType = wrapper.application; includeInIndex = 0; path = BookStore.app; sourceTree = BUILT_PRODUCTS_DIR; };
		BD337B4D26F02B9B00AC524A /* AppDelegate.swift */ = {isa = PBXFileReference; lastKnownFileType = sourcecode.swift; path = AppDelegate.swift; sourceTree = "<group>"; };
		BD337B4F26F02B9B00AC524A /* SceneDelegate.swift */ = {isa = PBXFileReference; lastKnownFileType = sourcecode.swift; path = SceneDelegate.swift; sourceTree = "<group>"; };
		BD337B5426F02B9B00AC524A /* Base */ = {isa = PBXFileReference; lastKnownFileType = file.storyboard; name = Base; path = Base.lproj/Main.storyboard; sourceTree = "<group>"; };
		BD337B5726F02B9B00AC524A /* BookStore.xcdatamodel */ = {isa = PBXFileReference; lastKnownFileType = wrapper.xcdatamodel; path = BookStore.xcdatamodel; sourceTree = "<group>"; };
		BD337B5926F02B9C00AC524A /* Assets.xcassets */ = {isa = PBXFileReference; lastKnownFileType = folder.assetcatalog; path = Assets.xcassets; sourceTree = "<group>"; };
		BD337B5C26F02B9C00AC524A /* Base */ = {isa = PBXFileReference; lastKnownFileType = file.storyboard; name = Base; path = Base.lproj/LaunchScreen.storyboard; sourceTree = "<group>"; };
		BD337B5E26F02B9C00AC524A /* Info.plist */ = {isa = PBXFileReference; lastKnownFileType = text.plist.xml; path = Info.plist; sourceTree = "<group>"; };
		BD337B6326F02B9C00AC524A /* BookStoreTests.xctest */ = {isa = PBXFileReference; explicitFileType = wrapper.cfbundle; includeInIndex = 0; path = BookStoreTests.xctest; sourceTree = BUILT_PRODUCTS_DIR; };
		BD337B6726F02B9C00AC524A /* BookStoreTests.swift */ = {isa = PBXFileReference; lastKnownFileType = sourcecode.swift; path = BookStoreTests.swift; sourceTree = "<group>"; };
		BD337B6926F02B9C00AC524A /* Info.plist */ = {isa = PBXFileReference; lastKnownFileType = text.plist.xml; path = Info.plist; sourceTree = "<group>"; };
		BD337B6E26F02B9C00AC524A /* BookStoreUITests.xctest */ = {isa = PBXFileReference; explicitFileType = wrapper.cfbundle; includeInIndex = 0; path = BookStoreUITests.xctest; sourceTree = BUILT_PRODUCTS_DIR; };
		BD337B7226F02B9C00AC524A /* BookStoreUITests.swift */ = {isa = PBXFileReference; lastKnownFileType = sourcecode.swift; path = BookStoreUITests.swift; sourceTree = "<group>"; };
		BD337B7426F02B9C00AC524A /* Info.plist */ = {isa = PBXFileReference; lastKnownFileType = text.plist.xml; path = Info.plist; sourceTree = "<group>"; };
		BD337B8026F02DD700AC524A /* MainViewController.swift */ = {isa = PBXFileReference; lastKnownFileType = sourcecode.swift; path = MainViewController.swift; sourceTree = "<group>"; };
		BD337B8226F02F3E00AC524A /* BookListViewController.swift */ = {isa = PBXFileReference; lastKnownFileType = sourcecode.swift; path = BookListViewController.swift; sourceTree = "<group>"; };
		BD337B8526F035C800AC524A /* RestApiCalls.swift */ = {isa = PBXFileReference; lastKnownFileType = sourcecode.swift; path = RestApiCalls.swift; sourceTree = "<group>"; };
		BD337B8826F0368500AC524A /* ConnectionCheck.swift */ = {isa = PBXFileReference; lastKnownFileType = sourcecode.swift; path = ConnectionCheck.swift; sourceTree = "<group>"; };
		BD337B8A26F036DB00AC524A /* AlertController.swift */ = {isa = PBXFileReference; lastKnownFileType = sourcecode.swift; path = AlertController.swift; sourceTree = "<group>"; };
		BD337B8C26F0370E00AC524A /* AlertErrorGral.swift */ = {isa = PBXFileReference; lastKnownFileType = sourcecode.swift; path = AlertErrorGral.swift; sourceTree = "<group>"; };
		BD337B8F26F0388C00AC524A /* Response.swift */ = {isa = PBXFileReference; lastKnownFileType = sourcecode.swift; path = Response.swift; sourceTree = "<group>"; };
		BD337B9126F038CA00AC524A /* Constants.swift */ = {isa = PBXFileReference; lastKnownFileType = sourcecode.swift; path = Constants.swift; sourceTree = "<group>"; };
		BD337B9A26F03C8E00AC524A /* BookViewModel.swift */ = {isa = PBXFileReference; lastKnownFileType = sourcecode.swift; path = BookViewModel.swift; sourceTree = "<group>"; };
		BD337B9C26F041C800AC524A /* book.xib */ = {isa = PBXFileReference; lastKnownFileType = file.xib; path = book.xib; sourceTree = "<group>"; };
		BD337B9E26F0434200AC524A /* CellsTableViewCell.swift */ = {isa = PBXFileReference; lastKnownFileType = sourcecode.swift; path = CellsTableViewCell.swift; sourceTree = "<group>"; };
		C03AE8A3A591DDCD661669CD /* Pods-BookStore.debug.xcconfig */ = {isa = PBXFileReference; includeInIndex = 1; lastKnownFileType = text.xcconfig; name = "Pods-BookStore.debug.xcconfig"; path = "Target Support Files/Pods-BookStore/Pods-BookStore.debug.xcconfig"; sourceTree = "<group>"; };
		C05662AE279F0DFA186880B4 /* Pods-BookStore-BookStoreUITests.debug.xcconfig */ = {isa = PBXFileReference; includeInIndex = 1; lastKnownFileType = text.xcconfig; name = "Pods-BookStore-BookStoreUITests.debug.xcconfig"; path = "Target Support Files/Pods-BookStore-BookStoreUITests/Pods-BookStore-BookStoreUITests.debug.xcconfig"; sourceTree = "<group>"; };
/* End PBXFileReference section */

/* Begin PBXFrameworksBuildPhase section */
		BD337B4726F02B9B00AC524A /* Frameworks */ = {
			isa = PBXFrameworksBuildPhase;
			buildActionMask = 2147483647;
			files = (
				4858D8890548B692A43E16EB /* Pods_BookStore.framework in Frameworks */,
			);
			runOnlyForDeploymentPostprocessing = 0;
		};
		BD337B6026F02B9C00AC524A /* Frameworks */ = {
			isa = PBXFrameworksBuildPhase;
			buildActionMask = 2147483647;
			files = (
				08739D0CEC9B888249C9E80B /* Pods_BookStoreTests.framework in Frameworks */,
			);
			runOnlyForDeploymentPostprocessing = 0;
		};
		BD337B6B26F02B9C00AC524A /* Frameworks */ = {
			isa = PBXFrameworksBuildPhase;
			buildActionMask = 2147483647;
			files = (
				1BE8F1C7C4151B007229FB82 /* Pods_BookStore_BookStoreUITests.framework in Frameworks */,
			);
			runOnlyForDeploymentPostprocessing = 0;
		};
/* End PBXFrameworksBuildPhase section */

/* Begin PBXGroup section */
		73EFDD4899F981138F400DBA /* Frameworks */ = {
			isa = PBXGroup;
			children = (
				5BB96820F94204447E5E2703 /* Pods_BookStore.framework */,
				4DF6758DF40972A311B0D029 /* Pods_BookStore_BookStoreUITests.framework */,
				528DF90E4D8C5FDEB7111404 /* Pods_BookStoreTests.framework */,
			);
			name = Frameworks;
			sourceTree = "<group>";
		};
		889A8B767B3D447B0F4AF2B2 /* Pods */ = {
			isa = PBXGroup;
			children = (
				C03AE8A3A591DDCD661669CD /* Pods-BookStore.debug.xcconfig */,
				6107F0A2B7476F78C7BB4B6D /* Pods-BookStore.release.xcconfig */,
				C05662AE279F0DFA186880B4 /* Pods-BookStore-BookStoreUITests.debug.xcconfig */,
				046DAF4FE7C8F9D5F6F615BA /* Pods-BookStore-BookStoreUITests.release.xcconfig */,
				968D409DA88B2288F8C4143D /* Pods-BookStoreTests.debug.xcconfig */,
				A6EF99C2AAE0BA593A2BF0EF /* Pods-BookStoreTests.release.xcconfig */,
			);
			path = Pods;
			sourceTree = "<group>";
		};
		BD337B4126F02B9B00AC524A = {
			isa = PBXGroup;
			children = (
				BD337B4C26F02B9B00AC524A /* BookStore */,
				BD337B6626F02B9C00AC524A /* BookStoreTests */,
				BD337B7126F02B9C00AC524A /* BookStoreUITests */,
				BD337B4B26F02B9B00AC524A /* Products */,
				889A8B767B3D447B0F4AF2B2 /* Pods */,
				73EFDD4899F981138F400DBA /* Frameworks */,
			);
			sourceTree = "<group>";
		};
		BD337B4B26F02B9B00AC524A /* Products */ = {
			isa = PBXGroup;
			children = (
				BD337B4A26F02B9B00AC524A /* BookStore.app */,
				BD337B6326F02B9C00AC524A /* BookStoreTests.xctest */,
				BD337B6E26F02B9C00AC524A /* BookStoreUITests.xctest */,
			);
			name = Products;
			sourceTree = "<group>";
		};
		BD337B4C26F02B9B00AC524A /* BookStore */ = {
			isa = PBXGroup;
			children = (
				BD337B9826F03C2F00AC524A /* Book */,
				BD337B9326F0397800AC524A /* Main */,
				BD337B8E26F0387E00AC524A /* Model */,
				BD337B8726F0366B00AC524A /* Utils */,
				BD337B8426F035AE00AC524A /* NetworkManager */,
				BD337B4D26F02B9B00AC524A /* AppDelegate.swift */,
				BD337B4F26F02B9B00AC524A /* SceneDelegate.swift */,
				BD337B5926F02B9C00AC524A /* Assets.xcassets */,
				BD337B5B26F02B9C00AC524A /* LaunchScreen.storyboard */,
				BD337B5E26F02B9C00AC524A /* Info.plist */,
				BD337B5626F02B9B00AC524A /* BookStore.xcdatamodeld */,
			);
			path = BookStore;
			sourceTree = "<group>";
		};
		BD337B6626F02B9C00AC524A /* BookStoreTests */ = {
			isa = PBXGroup;
			children = (
				BD337B6726F02B9C00AC524A /* BookStoreTests.swift */,
				BD337B6926F02B9C00AC524A /* Info.plist */,
			);
			path = BookStoreTests;
			sourceTree = "<group>";
		};
		BD337B7126F02B9C00AC524A /* BookStoreUITests */ = {
			isa = PBXGroup;
			children = (
				BD337B7226F02B9C00AC524A /* BookStoreUITests.swift */,
				BD337B7426F02B9C00AC524A /* Info.plist */,
			);
			path = BookStoreUITests;
			sourceTree = "<group>";
		};
		BD337B8426F035AE00AC524A /* NetworkManager */ = {
			isa = PBXGroup;
			children = (
				BD337B8526F035C800AC524A /* RestApiCalls.swift */,
			);
			path = NetworkManager;
			sourceTree = "<group>";
		};
		BD337B8726F0366B00AC524A /* Utils */ = {
			isa = PBXGroup;
			children = (
				BD337B8826F0368500AC524A /* ConnectionCheck.swift */,
				BD337B8A26F036DB00AC524A /* AlertController.swift */,
				BD337B8C26F0370E00AC524A /* AlertErrorGral.swift */,
				BD337B9126F038CA00AC524A /* Constants.swift */,
			);
			path = Utils;
			sourceTree = "<group>";
		};
		BD337B8E26F0387E00AC524A /* Model */ = {
			isa = PBXGroup;
			children = (
				BD337B8F26F0388C00AC524A /* Response.swift */,
			);
			path = Model;
			sourceTree = "<group>";
		};
		BD337B9326F0397800AC524A /* Main */ = {
			isa = PBXGroup;
			children = (
				BD337B9726F039F700AC524A /* View */,
			);
			path = Main;
			sourceTree = "<group>";
		};
		BD337B9626F039E600AC524A /* ViewModel */ = {
			isa = PBXGroup;
			children = (
				BD337B9A26F03C8E00AC524A /* BookViewModel.swift */,
			);
			path = ViewModel;
			sourceTree = "<group>";
		};
		BD337B9726F039F700AC524A /* View */ = {
			isa = PBXGroup;
			children = (
				BD337B5326F02B9B00AC524A /* Main.storyboard */,
				BD337B8026F02DD700AC524A /* MainViewController.swift */,
			);
			path = View;
			sourceTree = "<group>";
		};
		BD337B9826F03C2F00AC524A /* Book */ = {
			isa = PBXGroup;
			children = (
				BD337B9626F039E600AC524A /* ViewModel */,
				BD337B9926F03C3F00AC524A /* View */,
			);
			path = Book;
			sourceTree = "<group>";
		};
		BD337B9926F03C3F00AC524A /* View */ = {
			isa = PBXGroup;
			children = (
				BD337B8226F02F3E00AC524A /* BookListViewController.swift */,
				BD337B9C26F041C800AC524A /* book.xib */,
				BD337B9E26F0434200AC524A /* CellsTableViewCell.swift */,
			);
			path = View;
			sourceTree = "<group>";
		};
/* End PBXGroup section */

/* Begin PBXNativeTarget section */
		BD337B4926F02B9B00AC524A /* BookStore */ = {
			isa = PBXNativeTarget;
			buildConfigurationList = BD337B7726F02B9C00AC524A /* Build configuration list for PBXNativeTarget "BookStore" */;
			buildPhases = (
				A75E7F599EEA55844B227A07 /* [CP] Check Pods Manifest.lock */,
				BD337B4626F02B9B00AC524A /* Sources */,
				BD337B4726F02B9B00AC524A /* Frameworks */,
				BD337B4826F02B9B00AC524A /* Resources */,
				FF3C7E169DCF8F606CF3CA90 /* [CP] Embed Pods Frameworks */,
			);
			buildRules = (
			);
			dependencies = (
			);
			name = BookStore;
			productName = BookStore;
			productReference = BD337B4A26F02B9B00AC524A /* BookStore.app */;
			productType = "com.apple.product-type.application";
		};
		BD337B6226F02B9C00AC524A /* BookStoreTests */ = {
			isa = PBXNativeTarget;
			buildConfigurationList = BD337B7A26F02B9C00AC524A /* Build configuration list for PBXNativeTarget "BookStoreTests" */;
			buildPhases = (
				1D9C20DB9A79E081FA6E5592 /* [CP] Check Pods Manifest.lock */,
				BD337B5F26F02B9C00AC524A /* Sources */,
				BD337B6026F02B9C00AC524A /* Frameworks */,
				BD337B6126F02B9C00AC524A /* Resources */,
			);
			buildRules = (
			);
			dependencies = (
				BD337B6526F02B9C00AC524A /* PBXTargetDependency */,
			);
			name = BookStoreTests;
			productName = BookStoreTests;
			productReference = BD337B6326F02B9C00AC524A /* BookStoreTests.xctest */;
			productType = "com.apple.product-type.bundle.unit-test";
		};
		BD337B6D26F02B9C00AC524A /* BookStoreUITests */ = {
			isa = PBXNativeTarget;
			buildConfigurationList = BD337B7D26F02B9C00AC524A /* Build configuration list for PBXNativeTarget "BookStoreUITests" */;
			buildPhases = (
				AB66285609BA44463116C87E /* [CP] Check Pods Manifest.lock */,
				BD337B6A26F02B9C00AC524A /* Sources */,
				BD337B6B26F02B9C00AC524A /* Frameworks */,
				BD337B6C26F02B9C00AC524A /* Resources */,
				4ECC782C4835C846EA854A1E /* [CP] Embed Pods Frameworks */,
			);
			buildRules = (
			);
			dependencies = (
				BD337B7026F02B9C00AC524A /* PBXTargetDependency */,
			);
			name = BookStoreUITests;
			productName = BookStoreUITests;
			productReference = BD337B6E26F02B9C00AC524A /* BookStoreUITests.xctest */;
			productType = "com.apple.product-type.bundle.ui-testing";
		};
/* End PBXNativeTarget section */

/* Begin PBXProject section */
		BD337B4226F02B9B00AC524A /* Project object */ = {
			isa = PBXProject;
			attributes = {
				LastSwiftUpdateCheck = 1130;
				LastUpgradeCheck = 1130;
				ORGANIZATIONNAME = CGTI;
				TargetAttributes = {
					BD337B4926F02B9B00AC524A = {
						CreatedOnToolsVersion = 11.3.1;
					};
					BD337B6226F02B9C00AC524A = {
						CreatedOnToolsVersion = 11.3.1;
						TestTargetID = BD337B4926F02B9B00AC524A;
					};
					BD337B6D26F02B9C00AC524A = {
						CreatedOnToolsVersion = 11.3.1;
						TestTargetID = BD337B4926F02B9B00AC524A;
					};
				};
			};
			buildConfigurationList = BD337B4526F02B9B00AC524A /* Build configuration list for PBXProject "BookStore" */;
			compatibilityVersion = "Xcode 9.3";
			developmentRegion = en;
			hasScannedForEncodings = 0;
			knownRegions = (
				en,
				Base,
			);
			mainGroup = BD337B4126F02B9B00AC524A;
			productRefGroup = BD337B4B26F02B9B00AC524A /* Products */;
			projectDirPath = "";
			projectRoot = "";
			targets = (
				BD337B4926F02B9B00AC524A /* BookStore */,
				BD337B6226F02B9C00AC524A /* BookStoreTests */,
				BD337B6D26F02B9C00AC524A /* BookStoreUITests */,
			);
		};
/* End PBXProject section */

/* Begin PBXResourcesBuildPhase section */
		BD337B4826F02B9B00AC524A /* Resources */ = {
			isa = PBXResourcesBuildPhase;
			buildActionMask = 2147483647;
			files = (
				BD337B9D26F041C800AC524A /* book.xib in Resources */,
				BD337B5D26F02B9C00AC524A /* LaunchScreen.storyboard in Resources */,
				BD337B5A26F02B9C00AC524A /* Assets.xcassets in Resources */,
				BD337B5526F02B9B00AC524A /* Main.storyboard in Resources */,
			);
			runOnlyForDeploymentPostprocessing = 0;
		};
		BD337B6126F02B9C00AC524A /* Resources */ = {
			isa = PBXResourcesBuildPhase;
			buildActionMask = 2147483647;
			files = (
			);
			runOnlyForDeploymentPostprocessing = 0;
		};
		BD337B6C26F02B9C00AC524A /* Resources */ = {
			isa = PBXResourcesBuildPhase;
			buildActionMask = 2147483647;
			files = (
			);
			runOnlyForDeploymentPostprocessing = 0;
		};
/* End PBXResourcesBuildPhase section */

/* Begin PBXShellScriptBuildPhase section */
		1D9C20DB9A79E081FA6E5592 /* [CP] Check Pods Manifest.lock */ = {
			isa = PBXShellScriptBuildPhase;
			buildActionMask = 2147483647;
			files = (
			);
			inputFileListPaths = (
			);
			inputPaths = (
				"${PODS_PODFILE_DIR_PATH}/Podfile.lock",
				"${PODS_ROOT}/Manifest.lock",
			);
			name = "[CP] Check Pods Manifest.lock";
			outputFileListPaths = (
			);
			outputPaths = (
				"$(DERIVED_FILE_DIR)/Pods-BookStoreTests-checkManifestLockResult.txt",
			);
			runOnlyForDeploymentPostprocessing = 0;
			shellPath = /bin/sh;
			shellScript = "diff \"${PODS_PODFILE_DIR_PATH}/Podfile.lock\" \"${PODS_ROOT}/Manifest.lock\" > /dev/null\nif [ $? != 0 ] ; then\n    # print error to STDERR\n    echo \"error: The sandbox is not in sync with the Podfile.lock. Run 'pod install' or update your CocoaPods installation.\" >&2\n    exit 1\nfi\n# This output is used by Xcode 'outputs' to avoid re-running this script phase.\necho \"SUCCESS\" > \"${SCRIPT_OUTPUT_FILE_0}\"\n";
			showEnvVarsInLog = 0;
		};
		4ECC782C4835C846EA854A1E /* [CP] Embed Pods Frameworks */ = {
			isa = PBXShellScriptBuildPhase;
			buildActionMask = 2147483647;
			files = (
			);
			inputFileListPaths = (
				"${PODS_ROOT}/Target Support Files/Pods-BookStore-BookStoreUITests/Pods-BookStore-BookStoreUITests-frameworks-${CONFIGURATION}-input-files.xcfilelist",
			);
			name = "[CP] Embed Pods Frameworks";
			outputFileListPaths = (
				"${PODS_ROOT}/Target Support Files/Pods-BookStore-BookStoreUITests/Pods-BookStore-BookStoreUITests-frameworks-${CONFIGURATION}-output-files.xcfilelist",
			);
			runOnlyForDeploymentPostprocessing = 0;
			shellPath = /bin/sh;
			shellScript = "\"${PODS_ROOT}/Target Support Files/Pods-BookStore-BookStoreUITests/Pods-BookStore-BookStoreUITests-frameworks.sh\"\n";
			showEnvVarsInLog = 0;
		};
		A75E7F599EEA55844B227A07 /* [CP] Check Pods Manifest.lock */ = {
			isa = PBXShellScriptBuildPhase;
			buildActionMask = 2147483647;
			files = (
			);
			inputFileListPaths = (
			);
			inputPaths = (
				"${PODS_PODFILE_DIR_PATH}/Podfile.lock",
				"${PODS_ROOT}/Manifest.lock",
			);
			name = "[CP] Check Pods Manifest.lock";
			outputFileListPaths = (
			);
			outputPaths = (
				"$(DERIVED_FILE_DIR)/Pods-BookStore-checkManifestLockResult.txt",
			);
			runOnlyForDeploymentPostprocessing = 0;
			shellPath = /bin/sh;
			shellScript = "diff \"${PODS_PODFILE_DIR_PATH}/Podfile.lock\" \"${PODS_ROOT}/Manifest.lock\" > /dev/null\nif [ $? != 0 ] ; then\n    # print error to STDERR\n    echo \"error: The sandbox is not in sync with the Podfile.lock. Run 'pod install' or update your CocoaPods installation.\" >&2\n    exit 1\nfi\n# This output is used by Xcode 'outputs' to avoid re-running this script phase.\necho \"SUCCESS\" > \"${SCRIPT_OUTPUT_FILE_0}\"\n";
			showEnvVarsInLog = 0;
		};
		AB66285609BA44463116C87E /* [CP] Check Pods Manifest.lock */ = {
			isa = PBXShellScriptBuildPhase;
			buildActionMask = 2147483647;
			files = (
			);
			inputFileListPaths = (
			);
			inputPaths = (
				"${PODS_PODFILE_DIR_PATH}/Podfile.lock",
				"${PODS_ROOT}/Manifest.lock",
			);
			name = "[CP] Check Pods Manifest.lock";
			outputFileListPaths = (
			);
			outputPaths = (
				"$(DERIVED_FILE_DIR)/Pods-BookStore-BookStoreUITests-checkManifestLockResult.txt",
			);
			runOnlyForDeploymentPostprocessing = 0;
			shellPath = /bin/sh;
			shellScript = "diff \"${PODS_PODFILE_DIR_PATH}/Podfile.lock\" \"${PODS_ROOT}/Manifest.lock\" > /dev/null\nif [ $? != 0 ] ; then\n    # print error to STDERR\n    echo \"error: The sandbox is not in sync with the Podfile.lock. Run 'pod install' or update your CocoaPods installation.\" >&2\n    exit 1\nfi\n# This output is used by Xcode 'outputs' to avoid re-running this script phase.\necho \"SUCCESS\" > \"${SCRIPT_OUTPUT_FILE_0}\"\n";
			showEnvVarsInLog = 0;
		};
		FF3C7E169DCF8F606CF3CA90 /* [CP] Embed Pods Frameworks */ = {
			isa = PBXShellScriptBuildPhase;
			buildActionMask = 2147483647;
			files = (
			);
			inputFileListPaths = (
				"${PODS_ROOT}/Target Support Files/Pods-BookStore/Pods-BookStore-frameworks-${CONFIGURATION}-input-files.xcfilelist",
			);
			name = "[CP] Embed Pods Frameworks";
			outputFileListPaths = (
				"${PODS_ROOT}/Target Support Files/Pods-BookStore/Pods-BookStore-frameworks-${CONFIGURATION}-output-files.xcfilelist",
			);
			runOnlyForDeploymentPostprocessing = 0;
			shellPath = /bin/sh;
			shellScript = "\"${PODS_ROOT}/Target Support Files/Pods-BookStore/Pods-BookStore-frameworks.sh\"\n";
			showEnvVarsInLog = 0;
		};
/* End PBXShellScriptBuildPhase section */

/* Begin PBXSourcesBuildPhase section */
		BD337B4626F02B9B00AC524A /* Sources */ = {
			isa = PBXSourcesBuildPhase;
			buildActionMask = 2147483647;
			files = (
				BD337B9B26F03C8E00AC524A /* BookViewModel.swift in Sources */,
				BD337B9F26F0434200AC524A /* CellsTableViewCell.swift in Sources */,
				BD337B4E26F02B9B00AC524A /* AppDelegate.swift in Sources */,
				BD337B9226F038CA00AC524A /* Constants.swift in Sources */,
				BD337B8926F0368500AC524A /* ConnectionCheck.swift in Sources */,
				BD337B5826F02B9B00AC524A /* BookStore.xcdatamodeld in Sources */,
				BD337B8626F035C800AC524A /* RestApiCalls.swift in Sources */,
				BD337B9026F0388C00AC524A /* Response.swift in Sources */,
				BD337B8B26F036DB00AC524A /* AlertController.swift in Sources */,
				BD337B8D26F0370E00AC524A /* AlertErrorGral.swift in Sources */,
				BD337B5026F02B9B00AC524A /* SceneDelegate.swift in Sources */,
				BD337B8126F02DD700AC524A /* MainViewController.swift in Sources */,
				BD337B8326F02F3E00AC524A /* BookListViewController.swift in Sources */,
			);
			runOnlyForDeploymentPostprocessing = 0;
		};
		BD337B5F26F02B9C00AC524A /* Sources */ = {
			isa = PBXSourcesBuildPhase;
			buildActionMask = 2147483647;
			files = (
				BD337B6826F02B9C00AC524A /* BookStoreTests.swift in Sources */,
			);
			runOnlyForDeploymentPostprocessing = 0;
		};
		BD337B6A26F02B9C00AC524A /* Sources */ = {
			isa = PBXSourcesBuildPhase;
			buildActionMask = 2147483647;
			files = (
				BD337B7326F02B9C00AC524A /* BookStoreUITests.swift in Sources */,
			);
			runOnlyForDeploymentPostprocessing = 0;
		};
/* End PBXSourcesBuildPhase section */

/* Begin PBXTargetDependency section */
		BD337B6526F02B9C00AC524A /* PBXTargetDependency */ = {
			isa = PBXTargetDependency;
			target = BD337B4926F02B9B00AC524A /* BookStore */;
			targetProxy = BD337B6426F02B9C00AC524A /* PBXContainerItemProxy */;
		};
		BD337B7026F02B9C00AC524A /* PBXTargetDependency */ = {
			isa = PBXTargetDependency;
			target = BD337B4926F02B9B00AC524A /* BookStore */;
			targetProxy = BD337B6F26F02B9C00AC524A /* PBXContainerItemProxy */;
		};
/* End PBXTargetDependency section */

/* Begin PBXVariantGroup section */
		BD337B5326F02B9B00AC524A /* Main.storyboard */ = {
			isa = PBXVariantGroup;
			children = (
				BD337B5426F02B9B00AC524A /* Base */,
			);
			name = Main.storyboard;
			sourceTree = "<group>";
		};
		BD337B5B26F02B9C00AC524A /* LaunchScreen.storyboard */ = {
			isa = PBXVariantGroup;
			children = (
				BD337B5C26F02B9C00AC524A /* Base */,
			);
			name = LaunchScreen.storyboard;
			sourceTree = "<group>";
		};
/* End PBXVariantGroup section */

/* Begin XCBuildConfiguration section */
		BD337B7526F02B9C00AC524A /* Debug */ = {
			isa = XCBuildConfiguration;
			buildSettings = {
				ALWAYS_SEARCH_USER_PATHS = NO;
				CLANG_ANALYZER_NONNULL = YES;
				CLANG_ANALYZER_NUMBER_OBJECT_CONVERSION = YES_AGGRESSIVE;
				CLANG_CXX_LANGUAGE_STANDARD = "gnu++14";
				CLANG_CXX_LIBRARY = "libc++";
				CLANG_ENABLE_MODULES = YES;
				CLANG_ENABLE_OBJC_ARC = YES;
				CLANG_ENABLE_OBJC_WEAK = YES;
				CLANG_WARN_BLOCK_CAPTURE_AUTORELEASING = YES;
				CLANG_WARN_BOOL_CONVERSION = YES;
				CLANG_WARN_COMMA = YES;
				CLANG_WARN_CONSTANT_CONVERSION = YES;
				CLANG_WARN_DEPRECATED_OBJC_IMPLEMENTATIONS = YES;
				CLANG_WARN_DIRECT_OBJC_ISA_USAGE = YES_ERROR;
				CLANG_WARN_DOCUMENTATION_COMMENTS = YES;
				CLANG_WARN_EMPTY_BODY = YES;
				CLANG_WARN_ENUM_CONVERSION = YES;
				CLANG_WARN_INFINITE_RECURSION = YES;
				CLANG_WARN_INT_CONVERSION = YES;
				CLANG_WARN_NON_LITERAL_NULL_CONVERSION = YES;
				CLANG_WARN_OBJC_IMPLICIT_RETAIN_SELF = YES;
				CLANG_WARN_OBJC_LITERAL_CONVERSION = YES;
				CLANG_WARN_OBJC_ROOT_CLASS = YES_ERROR;
				CLANG_WARN_RANGE_LOOP_ANALYSIS = YES;
				CLANG_WARN_STRICT_PROTOTYPES = YES;
				CLANG_WARN_SUSPICIOUS_MOVE = YES;
				CLANG_WARN_UNGUARDED_AVAILABILITY = YES_AGGRESSIVE;
				CLANG_WARN_UNREACHABLE_CODE = YES;
				CLANG_WARN__DUPLICATE_METHOD_MATCH = YES;
				COPY_PHASE_STRIP = NO;
				DEBUG_INFORMATION_FORMAT = dwarf;
				ENABLE_STRICT_OBJC_MSGSEND = YES;
				ENABLE_TESTABILITY = YES;
				GCC_C_LANGUAGE_STANDARD = gnu11;
				GCC_DYNAMIC_NO_PIC = NO;
				GCC_NO_COMMON_BLOCKS = YES;
				GCC_OPTIMIZATION_LEVEL = 0;
				GCC_PREPROCESSOR_DEFINITIONS = (
					"DEBUG=1",
					"$(inherited)",
				);
				GCC_WARN_64_TO_32_BIT_CONVERSION = YES;
				GCC_WARN_ABOUT_RETURN_TYPE = YES_ERROR;
				GCC_WARN_UNDECLARED_SELECTOR = YES;
				GCC_WARN_UNINITIALIZED_AUTOS = YES_AGGRESSIVE;
				GCC_WARN_UNUSED_FUNCTION = YES;
				GCC_WARN_UNUSED_VARIABLE = YES;
				IPHONEOS_DEPLOYMENT_TARGET = 13.2;
				MTL_ENABLE_DEBUG_INFO = INCLUDE_SOURCE;
				MTL_FAST_MATH = YES;
				ONLY_ACTIVE_ARCH = YES;
				SDKROOT = iphoneos;
				SWIFT_ACTIVE_COMPILATION_CONDITIONS = DEBUG;
				SWIFT_OPTIMIZATION_LEVEL = "-Onone";
			};
			name = Debug;
		};
		BD337B7626F02B9C00AC524A /* Release */ = {
			isa = XCBuildConfiguration;
			buildSettings = {
				ALWAYS_SEARCH_USER_PATHS = NO;
				CLANG_ANALYZER_NONNULL = YES;
				CLANG_ANALYZER_NUMBER_OBJECT_CONVERSION = YES_AGGRESSIVE;
				CLANG_CXX_LANGUAGE_STANDARD = "gnu++14";
				CLANG_CXX_LIBRARY = "libc++";
				CLANG_ENABLE_MODULES = YES;
				CLANG_ENABLE_OBJC_ARC = YES;
				CLANG_ENABLE_OBJC_WEAK = YES;
				CLANG_WARN_BLOCK_CAPTURE_AUTORELEASING = YES;
				CLANG_WARN_BOOL_CONVERSION = YES;
				CLANG_WARN_COMMA = YES;
				CLANG_WARN_CONSTANT_CONVERSION = YES;
				CLANG_WARN_DEPRECATED_OBJC_IMPLEMENTATIONS = YES;
				CLANG_WARN_DIRECT_OBJC_ISA_USAGE = YES_ERROR;
				CLANG_WARN_DOCUMENTATION_COMMENTS = YES;
				CLANG_WARN_EMPTY_BODY = YES;
				CLANG_WARN_ENUM_CONVERSION = YES;
				CLANG_WARN_INFINITE_RECURSION = YES;
				CLANG_WARN_INT_CONVERSION = YES;
				CLANG_WARN_NON_LITERAL_NULL_CONVERSION = YES;
				CLANG_WARN_OBJC_IMPLICIT_RETAIN_SELF = YES;
				CLANG_WARN_OBJC_LITERAL_CONVERSION = YES;
				CLANG_WARN_OBJC_ROOT_CLASS = YES_ERROR;
				CLANG_WARN_RANGE_LOOP_ANALYSIS = YES;
				CLANG_WARN_STRICT_PROTOTYPES = YES;
				CLANG_WARN_SUSPICIOUS_MOVE = YES;
				CLANG_WARN_UNGUARDED_AVAILABILITY = YES_AGGRESSIVE;
				CLANG_WARN_UNREACHABLE_CODE = YES;
				CLANG_WARN__DUPLICATE_METHOD_MATCH = YES;
				COPY_PHASE_STRIP = NO;
				DEBUG_INFORMATION_FORMAT = "dwarf-with-dsym";
				ENABLE_NS_ASSERTIONS = NO;
				ENABLE_STRICT_OBJC_MSGSEND = YES;
				GCC_C_LANGUAGE_STANDARD = gnu11;
				GCC_NO_COMMON_BLOCKS = YES;
				GCC_WARN_64_TO_32_BIT_CONVERSION = YES;
				GCC_WARN_ABOUT_RETURN_TYPE = YES_ERROR;
				GCC_WARN_UNDECLARED_SELECTOR = YES;
				GCC_WARN_UNINITIALIZED_AUTOS = YES_AGGRESSIVE;
				GCC_WARN_UNUSED_FUNCTION = YES;
				GCC_WARN_UNUSED_VARIABLE = YES;
				IPHONEOS_DEPLOYMENT_TARGET = 13.2;
				MTL_ENABLE_DEBUG_INFO = NO;
				MTL_FAST_MATH = YES;
				SDKROOT = iphoneos;
				SWIFT_COMPILATION_MODE = wholemodule;
				SWIFT_OPTIMIZATION_LEVEL = "-O";
				VALIDATE_PRODUCT = YES;
			};
			name = Release;
		};
		BD337B7826F02B9C00AC524A /* Debug */ = {
			isa = XCBuildConfiguration;
			baseConfigurationReference = C03AE8A3A591DDCD661669CD /* Pods-BookStore.debug.xcconfig */;
			buildSettings = {
				ASSETCATALOG_COMPILER_APPICON_NAME = AppIcon;
				CODE_SIGN_STYLE = Automatic;
				DEVELOPMENT_TEAM = PZ3CF7MPT7;
				INFOPLIST_FILE = BookStore/Info.plist;
				LD_RUNPATH_SEARCH_PATHS = (
					"$(inherited)",
					"@executable_path/Frameworks",
				);
				PRODUCT_BUNDLE_IDENTIFIER = CGTI.BookStore;
				PRODUCT_NAME = "$(TARGET_NAME)";
				SWIFT_VERSION = 5.0;
				TARGETED_DEVICE_FAMILY = "1,2";
			};
			name = Debug;
		};
		BD337B7926F02B9C00AC524A /* Release */ = {
			isa = XCBuildConfiguration;
			baseConfigurationReference = 6107F0A2B7476F78C7BB4B6D /* Pods-BookStore.release.xcconfig */;
			buildSettings = {
				ASSETCATALOG_COMPILER_APPICON_NAME = AppIcon;
				CODE_SIGN_STYLE = Automatic;
				DEVELOPMENT_TEAM = PZ3CF7MPT7;
				INFOPLIST_FILE = BookStore/Info.plist;
				LD_RUNPATH_SEARCH_PATHS = (
					"$(inherited)",
					"@executable_path/Frameworks",
				);
				PRODUCT_BUNDLE_IDENTIFIER = CGTI.BookStore;
				PRODUCT_NAME = "$(TARGET_NAME)";
				SWIFT_VERSION = 5.0;
				TARGETED_DEVICE_FAMILY = "1,2";
			};
			name = Release;
		};
		BD337B7B26F02B9C00AC524A /* Debug */ = {
			isa = XCBuildConfiguration;
			baseConfigurationReference = 968D409DA88B2288F8C4143D /* Pods-BookStoreTests.debug.xcconfig */;
			buildSettings = {
				ALWAYS_EMBED_SWIFT_STANDARD_LIBRARIES = YES;
				BUNDLE_LOADER = "$(TEST_HOST)";
				CODE_SIGN_STYLE = Automatic;
				DEVELOPMENT_TEAM = PZ3CF7MPT7;
				INFOPLIST_FILE = BookStoreTests/Info.plist;
				IPHONEOS_DEPLOYMENT_TARGET = 13.2;
				LD_RUNPATH_SEARCH_PATHS = (
					"$(inherited)",
					"@executable_path/Frameworks",
					"@loader_path/Frameworks",
				);
				PRODUCT_BUNDLE_IDENTIFIER = CGTI.BookStoreTests;
				PRODUCT_NAME = "$(TARGET_NAME)";
				SWIFT_VERSION = 5.0;
				TARGETED_DEVICE_FAMILY = "1,2";
				TEST_HOST = "$(BUILT_PRODUCTS_DIR)/BookStore.app/BookStore";
			};
			name = Debug;
		};
		BD337B7C26F02B9C00AC524A /* Release */ = {
			isa = XCBuildConfiguration;
			baseConfigurationReference = A6EF99C2AAE0BA593A2BF0EF /* Pods-BookStoreTests.release.xcconfig */;
			buildSettings = {
				ALWAYS_EMBED_SWIFT_STANDARD_LIBRARIES = YES;
				BUNDLE_LOADER = "$(TEST_HOST)";
				CODE_SIGN_STYLE = Automatic;
				DEVELOPMENT_TEAM = PZ3CF7MPT7;
				INFOPLIST_FILE = BookStoreTests/Info.plist;
				IPHONEOS_DEPLOYMENT_TARGET = 13.2;
				LD_RUNPATH_SEARCH_PATHS = (
					"$(inherited)",
					"@executable_path/Frameworks",
					"@loader_path/Frameworks",
				);
				PRODUCT_BUNDLE_IDENTIFIER = CGTI.BookStoreTests;
				PRODUCT_NAME = "$(TARGET_NAME)";
				SWIFT_VERSION = 5.0;
				TARGETED_DEVICE_FAMILY = "1,2";
				TEST_HOST = "$(BUILT_PRODUCTS_DIR)/BookStore.app/BookStore";
			};
			name = Release;
		};
		BD337B7E26F02B9C00AC524A /* Debug */ = {
			isa = XCBuildConfiguration;
			baseConfigurationReference = C05662AE279F0DFA186880B4 /* Pods-BookStore-BookStoreUITests.debug.xcconfig */;
			buildSettings = {
				ALWAYS_EMBED_SWIFT_STANDARD_LIBRARIES = YES;
				CODE_SIGN_STYLE = Automatic;
				DEVELOPMENT_TEAM = PZ3CF7MPT7;
				INFOPLIST_FILE = BookStoreUITests/Info.plist;
				LD_RUNPATH_SEARCH_PATHS = (
					"$(inherited)",
					"@executable_path/Frameworks",
					"@loader_path/Frameworks",
				);
				PRODUCT_BUNDLE_IDENTIFIER = CGTI.BookStoreUITests;
				PRODUCT_NAME = "$(TARGET_NAME)";
				SWIFT_VERSION = 5.0;
				TARGETED_DEVICE_FAMILY = "1,2";
				TEST_TARGET_NAME = BookStore;
			};
			name = Debug;
		};
		BD337B7F26F02B9C00AC524A /* Release */ = {
			isa = XCBuildConfiguration;
			baseConfigurationReference = 046DAF4FE7C8F9D5F6F615BA /* Pods-BookStore-BookStoreUITests.release.xcconfig */;
			buildSettings = {
				ALWAYS_EMBED_SWIFT_STANDARD_LIBRARIES = YES;
				CODE_SIGN_STYLE = Automatic;
				DEVELOPMENT_TEAM = PZ3CF7MPT7;
				INFOPLIST_FILE = BookStoreUITests/Info.plist;
				LD_RUNPATH_SEARCH_PATHS = (
					"$(inherited)",
					"@executable_path/Frameworks",
					"@loader_path/Frameworks",
				);
				PRODUCT_BUNDLE_IDENTIFIER = CGTI.BookStoreUITests;
				PRODUCT_NAME = "$(TARGET_NAME)";
				SWIFT_VERSION = 5.0;
				TARGETED_DEVICE_FAMILY = "1,2";
				TEST_TARGET_NAME = BookStore;
			};
			name = Release;
		};
/* End XCBuildConfiguration section */

/* Begin XCConfigurationList section */
		BD337B4526F02B9B00AC524A /* Build configuration list for PBXProject "BookStore" */ = {
			isa = XCConfigurationList;
			buildConfigurations = (
				BD337B7526F02B9C00AC524A /* Debug */,
				BD337B7626F02B9C00AC524A /* Release */,
			);
			defaultConfigurationIsVisible = 0;
			defaultConfigurationName = Release;
		};
		BD337B7726F02B9C00AC524A /* Build configuration list for PBXNativeTarget "BookStore" */ = {
			isa = XCConfigurationList;
			buildConfigurations = (
				BD337B7826F02B9C00AC524A /* Debug */,
				BD337B7926F02B9C00AC524A /* Release */,
			);
			defaultConfigurationIsVisible = 0;
			defaultConfigurationName = Release;
		};
		BD337B7A26F02B9C00AC524A /* Build configuration list for PBXNativeTarget "BookStoreTests" */ = {
			isa = XCConfigurationList;
			buildConfigurations = (
				BD337B7B26F02B9C00AC524A /* Debug */,
				BD337B7C26F02B9C00AC524A /* Release */,
			);
			defaultConfigurationIsVisible = 0;
			defaultConfigurationName = Release;
		};
		BD337B7D26F02B9C00AC524A /* Build configuration list for PBXNativeTarget "BookStoreUITests" */ = {
			isa = XCConfigurationList;
			buildConfigurations = (
				BD337B7E26F02B9C00AC524A /* Debug */,
				BD337B7F26F02B9C00AC524A /* Release */,
			);
			defaultConfigurationIsVisible = 0;
			defaultConfigurationName = Release;
		};
/* End XCConfigurationList section */

/* Begin XCVersionGroup section */
		BD337B5626F02B9B00AC524A /* BookStore.xcdatamodeld */ = {
			isa = XCVersionGroup;
			children = (
				BD337B5726F02B9B00AC524A /* BookStore.xcdatamodel */,
			);
			currentVersion = BD337B5726F02B9B00AC524A /* BookStore.xcdatamodel */;
			path = BookStore.xcdatamodeld;
			sourceTree = "<group>";
			versionGroupType = wrapper.xcdatamodel;
		};
/* End XCVersionGroup section */
	};
	rootObject = BD337B4226F02B9B00AC524A /* Project object */;
}
